{
  "name": "drizzle-box",
  "version": "1.0.0",
  "lockfileVersion": 1,
  "requires": true,
  "dependencies": {
    "assertion-error": {
      "version": "1.1.0",
      "resolved": "https://registry.npmjs.org/assertion-error/-/assertion-error-1.1.0.tgz",
      "integrity": "sha512-jgsaNduz+ndvGyFt3uSuWqvy4lCnIJiovtouQN5JZHOKCS2QuhEdbcQHFhVksz2N2U9hXJo8odG7ETyWlEeuDw=="
    },
    "openzeppelin-solidity": {
      "version": "2.2.0",
      "resolved": "https://registry.npmjs.org/openzeppelin-solidity/-/openzeppelin-solidity-2.2.0.tgz",
      "integrity": "sha512-HfQq0xyT+EPs/lTWEd5Odu4T7CYdYe+qwf54EH28FQZthp4Bs6IWvOlOumTdS2dvpwZoTXURAopHn2LN1pwAGQ=="
    },
    "truffle-assertions": {
      "version": "0.8.2",
      "resolved": "https://registry.npmjs.org/truffle-assertions/-/truffle-assertions-0.8.2.tgz",
      "integrity": "sha512-WpUlGMsttkNHuIRYk7Th3I/4d2TeCxDhQI2ZiY+poI8dtfii4seIMXATB9aQLHU+uHAKWxpRJcTzZzm2zl/JnA==",
      "requires": {
        "assertion-error": "^1.1.0"
      }
    }
  }
}
